# generated by rye
# use `rye lock` or `rye sync` to update this lockfile
#
# last locked with the following flags:
#   pre: false
#   features: []
#   all-features: false
#   with-sources: false
#   generate-hashes: false
#   universal: false

-e file:.
aiobotocore==2.15.2
    # via s3fs
aiofiles==23.2.1
    # via gradio
aiohappyeyeballs==2.4.3
    # via aiohttp
aiohttp==3.10.10
    # via aiobotocore
    # via gcsfs
    # via s3fs
aioitertools==0.12.0
    # via aiobotocore
aiosignal==1.3.1
    # via aiohttp
annotated-types==0.7.0
    # via pydantic
anyio==4.6.2.post1
    # via gradio
    # via httpx
    # via starlette
asciitree==0.3.3
    # via zarr
attrs==24.2.0
    # via aiohttp
bleach==6.1.0
    # via panel
bokeh==3.5.2
    # via geoviews
    # via holoviews
    # via panel
botocore==1.35.36
    # via aiobotocore
cachetools==5.5.0
    # via google-auth
cartopy==0.24.1
    # via geoviews
certifi==2024.8.30
    # via httpcore
    # via httpx
    # via pyproj
    # via requests
charset-normalizer==3.4.0
    # via requests
click==8.1.7
    # via typer
    # via uvicorn
colorcet==3.1.0
    # via holoviews
compress-pickle==2.1.0
    # via sodeda-era5
contourpy==1.3.0
    # via bokeh
    # via matplotlib
cycler==0.12.1
    # via matplotlib
decorator==5.1.1
    # via gcsfs
fastapi==0.115.3
    # via gradio
fasteners==0.19
    # via zarr
ffmpy==0.4.0
    # via gradio
filelock==3.16.1
    # via huggingface-hub
fonttools==4.54.1
    # via matplotlib
frozenlist==1.4.1
    # via aiohttp
    # via aiosignal
fsspec==2024.10.0
    # via gcsfs
    # via gradio-client
    # via huggingface-hub
    # via s3fs
gcsfs==2024.10.0
    # via sodeda-era5
geoviews==1.13.0
    # via sodeda-era5
google-api-core==2.21.0
    # via google-cloud-core
    # via google-cloud-storage
google-auth==2.35.0
    # via gcsfs
    # via google-api-core
    # via google-auth-oauthlib
    # via google-cloud-core
    # via google-cloud-storage
google-auth-oauthlib==1.2.1
    # via gcsfs
google-cloud-core==2.4.1
    # via google-cloud-storage
google-cloud-storage==2.18.2
    # via gcsfs
google-crc32c==1.6.0
    # via google-cloud-storage
    # via google-resumable-media
google-resumable-media==2.7.2
    # via google-cloud-storage
googleapis-common-protos==1.65.0
    # via google-api-core
gradio==5.3.0
    # via sodeda-era5
gradio-client==1.4.2
    # via gradio
h11==0.14.0
    # via httpcore
    # via uvicorn
holoviews==1.19.1
    # via geoviews
httpcore==1.0.6
    # via httpx
httpx==0.27.2
    # via gradio
    # via gradio-client
huggingface-hub==0.26.1
    # via gradio
    # via gradio-client
idna==3.10
    # via anyio
    # via httpx
    # via requests
    # via yarl
isal==1.7.1
    # via xopen
jinja2==3.1.4
    # via bokeh
    # via gradio
jmespath==1.0.1
    # via botocore
kiwisolver==1.4.7
    # via matplotlib
linkify-it-py==2.0.3
    # via panel
markdown==3.7
    # via panel
markdown-it-py==3.0.0
    # via mdit-py-plugins
    # via panel
    # via rich
markupsafe==2.1.5
    # via gradio
    # via jinja2
matplotlib==3.9.2
    # via cartopy
mdit-py-plugins==0.4.2
    # via panel
mdurl==0.1.2
    # via markdown-it-py
multidict==6.1.0
    # via aiohttp
    # via yarl
numcodecs==0.13.1
    # via zarr
numpy==2.1.2
    # via bokeh
    # via cartopy
    # via contourpy
    # via geoviews
    # via gradio
    # via holoviews
    # via matplotlib
    # via numcodecs
    # via pandas
    # via shapely
    # via xarray
    # via zarr
oauthlib==3.2.2
    # via requests-oauthlib
orjson==3.10.9
    # via gradio
    # via orjsonl
orjsonl==1.0.0
    # via sodeda-era5
packaging==24.1
    # via bokeh
    # via cartopy
    # via geoviews
    # via gradio
    # via gradio-client
    # via holoviews
    # via huggingface-hub
    # via matplotlib
    # via panel
    # via xarray
pandas==2.2.3
    # via bokeh
    # via gradio
    # via holoviews
    # via panel
    # via xarray
panel==1.5.2
    # via geoviews
    # via holoviews
param==2.1.1
    # via geoviews
    # via holoviews
    # via panel
    # via pyviz-comms
pillow==10.4.0
    # via bokeh
    # via gradio
    # via matplotlib
propcache==0.2.0
    # via yarl
proto-plus==1.24.0
    # via google-api-core
protobuf==5.28.2
    # via google-api-core
    # via googleapis-common-protos
    # via proto-plus
pyasn1==0.6.1
    # via pyasn1-modules
    # via rsa
pyasn1-modules==0.4.1
    # via google-auth
pydantic==2.9.2
    # via fastapi
    # via gradio
pydantic-core==2.23.4
    # via pydantic
pydub==0.25.1
    # via gradio
pygments==2.18.0
    # via rich
pyparsing==3.2.0
    # via matplotlib
pyproj==3.7.0
    # via cartopy
    # via geoviews
pyshp==2.3.1
    # via cartopy
python-dateutil==2.9.0.post0
    # via botocore
    # via matplotlib
    # via pandas
python-dotenv==1.0.1
    # via sodeda-era5
python-multipart==0.0.12
    # via gradio
pytz==2024.2
    # via pandas
pyviz-comms==3.0.3
    # via holoviews
    # via panel
pyyaml==6.0.2
    # via bokeh
    # via gradio
    # via huggingface-hub
requests==2.32.3
    # via gcsfs
    # via google-api-core
    # via google-cloud-storage
    # via huggingface-hub
    # via panel
    # via requests-oauthlib
requests-oauthlib==2.0.0
    # via google-auth-oauthlib
rich==13.9.3
    # via typer
rsa==4.9
    # via google-auth
ruff==0.7.0
    # via gradio
s3fs==2024.10.0
    # via sodeda-era5
semantic-version==2.10.0
    # via gradio
shapely==2.0.6
    # via cartopy
    # via geoviews
shellingham==1.5.4
    # via typer
six==1.16.0
    # via bleach
    # via python-dateutil
sniffio==1.3.1
    # via anyio
    # via httpx
starlette==0.41.0
    # via fastapi
    # via gradio
tomlkit==0.12.0
    # via gradio
tornado==6.4.1
    # via bokeh
tqdm==4.66.5
    # via huggingface-hub
    # via panel
    # via sodeda-era5
typer==0.12.5
    # via gradio
typing-extensions==4.12.2
    # via fastapi
    # via gradio
    # via gradio-client
    # via huggingface-hub
    # via panel
    # via pydantic
    # via pydantic-core
    # via typer
tzdata==2024.2
    # via pandas
uc-micro-py==1.0.3
    # via linkify-it-py
urllib3==2.2.3
    # via botocore
    # via requests
uvicorn==0.32.0
    # via gradio
webencodings==0.5.1
    # via bleach
websockets==12.0
    # via gradio-client
wrapt==1.16.0
    # via aiobotocore
xarray==2024.9.0
    # via sodeda-era5
xopen==2.0.2
    # via orjsonl
xyzservices==2024.9.0
    # via bokeh
    # via geoviews
yarl==1.16.0
    # via aiohttp
zarr==2.18.3
    # via sodeda-era5
zlib-ng==0.5.1
    # via xopen
